{
  "name": "YoungJob",
  "version": "1.0.0",
  "lockfileVersion": 1,
  "requires": true,
  "dependencies": {
    "bounds.js": {
      "version": "1.0.4",
      "resolved": "https://registry.npmjs.org/bounds.js/-/bounds.js-1.0.4.tgz",
      "integrity": "sha512-teCQmUuF0WPqi0PO0IS8wjqKgYRYqbkKftDrnHpp0SLlUbBG3MM4x+rcoU25JaVIhjeBK3k7Xr7zL57uVuzQLQ=="
    }
  }
}
